
Microsoft Visual Studio Solution File, Format Version 12.00
# Visual Studio 15
VisualStudioVersion = 15.0.28010.2019
MinimumVisualStudioVersion = 10.0.40219.1
Project("{FAE04EC0-301F-11D3-BF4B-00C04F79EFBC}") = "Boxlit", "Boxlit\Boxlit.csproj", "{449D14AB-0582-43A2-BBE4-0D7D4F9050CD}"
EndProject
Global
	GlobalSection(SolutionConfigurationPlatforms) = preSolution
		Debug|Any CPU = Debug|Any CPU
		Release|Any CPU = Release|Any CPU
	EndGlobalSection
	GlobalSection(ProjectConfigurationPlatforms) = postSolution
		{449D14AB-0582-43A2-BBE4-0D7D4F9050CD}.Debug|Any CPU.ActiveCfg = Debug|Any CPU
		{449D14AB-0582-43A2-BBE4-0D7D4F9050CD}.Debug|Any CPU.Build.0 = Debug|Any CPU
		{449D14AB-0582-43A2-BBE4-0D7D4F9050CD}.Release|Any CPU.ActiveCfg = Release|Any CPU
		{449D14AB-0582-43A2-BBE4-0D7D4F9050CD}.Release|Any CPU.Build.0 = Release|Any CPU
	EndGlobalSection
	GlobalSection(SolutionProperties) = preSolution
		HideSolutionNode = FALSE
	EndGlobalSection
	GlobalSection(ExtensibilityGlobals) = postSolution
		SolutionGuid = {40390A82-09FE-4B8E-962A-2C47140F5C92}
	EndGlobalSection
EndGlobal
